
Microsoft Visual Studio Solution File, Format Version 12.00
# Visual Studio Version 17
VisualStudioVersion = 17.5.001.0
MinimumVisualStudioVersion = 10.0.40219.1
Project("{9A19103F-16F7-4668-BE54-9A1E7A4F7556}") = "ProEventos.API", "ProEventos.API.csproj", "{3AD57410-D426-4A1F-BDDE-CB9088E37D3C}"
EndProject
Global
	GlobalSection(SolutionConfigurationPlatforms) = preSolution
		Debug|Any CPU = Debug|Any CPU
		Release|Any CPU = Release|Any CPU
	EndGlobalSection
	GlobalSection(ProjectConfigurationPlatforms) = postSolution
		{3AD57410-D426-4A1F-BDDE-CB9088E37D3C}.Debug|Any CPU.ActiveCfg = Debug|Any CPU
		{3AD57410-D426-4A1F-BDDE-CB9088E37D3C}.Debug|Any CPU.Build.0 = Debug|Any CPU
		{3AD57410-D426-4A1F-BDDE-CB9088E37D3C}.Release|Any CPU.ActiveCfg = Release|Any CPU
		{3AD57410-D426-4A1F-BDDE-CB9088E37D3C}.Release|Any CPU.Build.0 = Release|Any CPU
	EndGlobalSection
	GlobalSection(SolutionProperties) = preSolution
		HideSolutionNode = FALSE
	EndGlobalSection
	GlobalSection(ExtensibilityGlobals) = postSolution
		SolutionGuid = {C98B7BC5-5F58-449E-BF74-458E4E9ED067}
	EndGlobalSection
EndGlobal
